// !$*UTF8*$!
{
	archiveVersion = 1;
	classes = {
	};
	objectVersion = 46;
	objects = {

/* Begin PBXBuildFile section */
		4A10D7991AD8E30A00C7CB0B /* AppDelegate.swift in Sources */ = {isa = PBXBuildFile; fileRef = 4A10D7981AD8E30A00C7CB0B /* AppDelegate.swift */; };
		4A10D79B1AD8E30A00C7CB0B /* ViewController.swift in Sources */ = {isa = PBXBuildFile; fileRef = 4A10D79A1AD8E30A00C7CB0B /* ViewController.swift */; };
		4A10D79E1AD8E30A00C7CB0B /* Main.storyboard in Resources */ = {isa = PBXBuildFile; fileRef = 4A10D79C1AD8E30A00C7CB0B /* Main.storyboard */; };
		4A10D7A01AD8E30A00C7CB0B /* Images.xcassets in Resources */ = {isa = PBXBuildFile; fileRef = 4A10D79F1AD8E30A00C7CB0B /* Images.xcassets */; };
		4A10D7A31AD8E30A00C7CB0B /* LaunchScreen.xib in Resources */ = {isa = PBXBuildFile; fileRef = 4A10D7A11AD8E30A00C7CB0B /* LaunchScreen.xib */; };
		4A10D7AF1AD8E30A00C7CB0B /* MXHACKSTests.swift in Sources */ = {isa = PBXBuildFile; fileRef = 4A10D7AE1AD8E30A00C7CB0B /* MXHACKSTests.swift */; };
		BB0626411AD9B1F00031FEB8 /* 1689265_512660492188520_1333736981_n.jpg in Resources */ = {isa = PBXBuildFile; fileRef = BB06260E1AD9B1F00031FEB8 /* 1689265_512660492188520_1333736981_n.jpg */; };
		BB0626421AD9B1F00031FEB8 /* AppDelegate.m in Sources */ = {isa = PBXBuildFile; fileRef = BB0626101AD9B1F00031FEB8 /* AppDelegate.m */; };
		BB0626431AD9B1F00031FEB8 /* LaunchScreen.xib in Resources */ = {isa = PBXBuildFile; fileRef = BB0626111AD9B1F00031FEB8 /* LaunchScreen.xib */; };
		BB0626441AD9B1F00031FEB8 /* Main.storyboard in Resources */ = {isa = PBXBuildFile; fileRef = BB0626131AD9B1F00031FEB8 /* Main.storyboard */; };
		BB0626451AD9B1F00031FEB8 /* JWBlurView.m in Sources */ = {isa = PBXBuildFile; fileRef = BB0626171AD9B1F00031FEB8 /* JWBlurView.m */; };
		BB0626461AD9B1F00031FEB8 /* BEMAnimations.m in Sources */ = {isa = PBXBuildFile; fileRef = BB06261B1AD9B1F00031FEB8 /* BEMAnimations.m */; };
		BB0626471AD9B1F00031FEB8 /* BEMCircle.m in Sources */ = {isa = PBXBuildFile; fileRef = BB06261D1AD9B1F00031FEB8 /* BEMCircle.m */; };
		BB0626481AD9B1F00031FEB8 /* BEMLine.m in Sources */ = {isa = PBXBuildFile; fileRef = BB06261F1AD9B1F00031FEB8 /* BEMLine.m */; };
		BB0626491AD9B1F00031FEB8 /* BEMSimpleLineGraphView.m in Sources */ = {isa = PBXBuildFile; fileRef = BB0626211AD9B1F00031FEB8 /* BEMSimpleLineGraphView.m */; };
		BB06264A1AD9B1F00031FEB8 /* GraphViewController.m in Sources */ = {isa = PBXBuildFile; fileRef = BB0626231AD9B1F00031FEB8 /* GraphViewController.m */; };
		BB06264B1AD9B1F00031FEB8 /* NZCircularImageView.m in Sources */ = {isa = PBXBuildFile; fileRef = BB0626251AD9B1F00031FEB8 /* NZCircularImageView.m */; };
		BB06264C1AD9B1F00031FEB8 /* CodeViewController.m in Sources */ = {isa = PBXBuildFile; fileRef = BB0626271AD9B1F00031FEB8 /* CodeViewController.m */; };
		BB06264D1AD9B1F00031FEB8 /* GraphViewController.m in Sources */ = {isa = PBXBuildFile; fileRef = BB0626291AD9B1F00031FEB8 /* GraphViewController.m */; };
		BB06264E1AD9B1F00031FEB8 /* Grupo-Modelo-300-logo.png in Resources */ = {isa = PBXBuildFile; fileRef = BB06262A1AD9B1F00031FEB8 /* Grupo-Modelo-300-logo.png */; };
		BB06264F1AD9B1F00031FEB8 /* Images.xcassets in Resources */ = {isa = PBXBuildFile; fileRef = BB06262B1AD9B1F00031FEB8 /* Images.xcassets */; };
		BB0626501AD9B1F00031FEB8 /* Info.plist in Resources */ = {isa = PBXBuildFile; fileRef = BB06262C1AD9B1F00031FEB8 /* Info.plist */; };
		BB0626511AD9B1F00031FEB8 /* main.m in Sources */ = {isa = PBXBuildFile; fileRef = BB06262D1AD9B1F00031FEB8 /* main.m */; };
		BB0626521AD9B1F00031FEB8 /* MyCustomCell1.m in Sources */ = {isa = PBXBuildFile; fileRef = BB06262F1AD9B1F00031FEB8 /* MyCustomCell1.m */; };
		BB0626531AD9B1F00031FEB8 /* splashBueno@2x.png in Resources */ = {isa = PBXBuildFile; fileRef = BB0626311AD9B1F00031FEB8 /* splashBueno@2x.png */; };
		BB0626541AD9B1F00031FEB8 /* SettingsViewController.m in Sources */ = {isa = PBXBuildFile; fileRef = BB0626331AD9B1F00031FEB8 /* SettingsViewController.m */; };
		BB0626551AD9B1F00031FEB8 /* splashBueno@2x.png in Resources */ = {isa = PBXBuildFile; fileRef = BB0626341AD9B1F00031FEB8 /* splashBueno@2x.png */; };
		BB0626561AD9B1F00031FEB8 /* ViewController.m in Sources */ = {isa = PBXBuildFile; fileRef = BB0626361AD9B1F00031FEB8 /* ViewController.m */; };
		BB0626571AD9B1F00031FEB8 /* WalletViewController.m in Sources */ = {isa = PBXBuildFile; fileRef = BB0626381AD9B1F00031FEB8 /* WalletViewController.m */; };
		BB0626581AD9B1F00031FEB8 /* WalletViewController2.m in Sources */ = {isa = PBXBuildFile; fileRef = BB06263A1AD9B1F00031FEB8 /* WalletViewController2.m */; };
		BB0626591AD9B1F00031FEB8 /* Hustler2_0Tests.m in Sources */ = {isa = PBXBuildFile; fileRef = BB06263F1AD9B1F00031FEB8 /* Hustler2_0Tests.m */; };
		BB06265A1AD9B1F00031FEB8 /* Info.plist in Resources */ = {isa = PBXBuildFile; fileRef = BB0626401AD9B1F00031FEB8 /* Info.plist */; };
/* End PBXBuildFile section */

/* Begin PBXContainerItemProxy section */
		4A10D7A91AD8E30A00C7CB0B /* PBXContainerItemProxy */ = {
			isa = PBXContainerItemProxy;
			containerPortal = 4A10D78B1AD8E30A00C7CB0B /* Project object */;
			proxyType = 1;
			remoteGlobalIDString = 4A10D7921AD8E30A00C7CB0B;
			remoteInfo = MXHACKS;
		};
		BB06265D1AD9B1F00031FEB8 /* PBXContainerItemProxy */ = {
			isa = PBXContainerItemProxy;
			containerPortal = BB06263B1AD9B1F00031FEB8 /* Hustler2.0.xcodeproj */;
			proxyType = 2;
			remoteGlobalIDString = BB0625B21AD9A4DA0031FEB8;
			remoteInfo = Hustler2.0;
		};
		BB06265F1AD9B1F00031FEB8 /* PBXContainerItemProxy */ = {
			isa = PBXContainerItemProxy;
			containerPortal = BB06263B1AD9B1F00031FEB8 /* Hustler2.0.xcodeproj */;
			proxyType = 2;
			remoteGlobalIDString = BB0625CB1AD9A4DB0031FEB8;
			remoteInfo = Hustler2.0Tests;
		};
/* End PBXContainerItemProxy section */

/* Begin PBXFileReference section */
		4A10D7931AD8E30A00C7CB0B /* MXHACKS.app */ = {isa = PBXFileReference; explicitFileType = wrapper.application; includeInIndex = 0; path = MXHACKS.app; sourceTree = BUILT_PRODUCTS_DIR; };
		4A10D7971AD8E30A00C7CB0B /* Info.plist */ = {isa = PBXFileReference; lastKnownFileType = text.plist.xml; path = Info.plist; sourceTree = "<group>"; };
		4A10D7981AD8E30A00C7CB0B /* AppDelegate.swift */ = {isa = PBXFileReference; lastKnownFileType = sourcecode.swift; path = AppDelegate.swift; sourceTree = "<group>"; };
		4A10D79A1AD8E30A00C7CB0B /* ViewController.swift */ = {isa = PBXFileReference; lastKnownFileType = sourcecode.swift; path = ViewController.swift; sourceTree = "<group>"; };
		4A10D79D1AD8E30A00C7CB0B /* Base */ = {isa = PBXFileReference; lastKnownFileType = file.storyboard; name = Base; path = Base.lproj/Main.storyboard; sourceTree = "<group>"; };
		4A10D79F1AD8E30A00C7CB0B /* Images.xcassets */ = {isa = PBXFileReference; lastKnownFileType = folder.assetcatalog; path = Images.xcassets; sourceTree = "<group>"; };
		4A10D7A21AD8E30A00C7CB0B /* Base */ = {isa = PBXFileReference; lastKnownFileType = file.xib; name = Base; path = Base.lproj/LaunchScreen.xib; sourceTree = "<group>"; };
		4A10D7A81AD8E30A00C7CB0B /* MXHACKSTests.xctest */ = {isa = PBXFileReference; explicitFileType = wrapper.cfbundle; includeInIndex = 0; path = MXHACKSTests.xctest; sourceTree = BUILT_PRODUCTS_DIR; };
		4A10D7AD1AD8E30A00C7CB0B /* Info.plist */ = {isa = PBXFileReference; lastKnownFileType = text.plist.xml; path = Info.plist; sourceTree = "<group>"; };
		4A10D7AE1AD8E30A00C7CB0B /* MXHACKSTests.swift */ = {isa = PBXFileReference; lastKnownFileType = sourcecode.swift; path = MXHACKSTests.swift; sourceTree = "<group>"; };
		BB06260E1AD9B1F00031FEB8 /* 1689265_512660492188520_1333736981_n.jpg */ = {isa = PBXFileReference; lastKnownFileType = image.jpeg; path = 1689265_512660492188520_1333736981_n.jpg; sourceTree = "<group>"; };
		BB06260F1AD9B1F00031FEB8 /* AppDelegate.h */ = {isa = PBXFileReference; fileEncoding = 4; lastKnownFileType = sourcecode.c.h; path = AppDelegate.h; sourceTree = "<group>"; };
		BB0626101AD9B1F00031FEB8 /* AppDelegate.m */ = {isa = PBXFileReference; fileEncoding = 4; lastKnownFileType = sourcecode.c.objc; path = AppDelegate.m; sourceTree = "<group>"; };
		BB0626121AD9B1F00031FEB8 /* Base */ = {isa = PBXFileReference; lastKnownFileType = file.xib; name = Base; path = Base.lproj/LaunchScreen.xib; sourceTree = "<group>"; };
		BB0626141AD9B1F00031FEB8 /* Base */ = {isa = PBXFileReference; lastKnownFileType = file.storyboard; name = Base; path = Base.lproj/Main.storyboard; sourceTree = "<group>"; };
		BB0626161AD9B1F00031FEB8 /* JWBlurView.h */ = {isa = PBXFileReference; fileEncoding = 4; lastKnownFileType = sourcecode.c.h; path = JWBlurView.h; sourceTree = "<group>"; };
		BB0626171AD9B1F00031FEB8 /* JWBlurView.m */ = {isa = PBXFileReference; fileEncoding = 4; lastKnownFileType = sourcecode.c.objc; path = JWBlurView.m; sourceTree = "<group>"; };
		BB06261A1AD9B1F00031FEB8 /* BEMAnimations.h */ = {isa = PBXFileReference; fileEncoding = 4; lastKnownFileType = sourcecode.c.h; path = BEMAnimations.h; sourceTree = "<group>"; };
		BB06261B1AD9B1F00031FEB8 /* BEMAnimations.m */ = {isa = PBXFileReference; fileEncoding = 4; lastKnownFileType = sourcecode.c.objc; path = BEMAnimations.m; sourceTree = "<group>"; };
		BB06261C1AD9B1F00031FEB8 /* BEMCircle.h */ = {isa = PBXFileReference; fileEncoding = 4; lastKnownFileType = sourcecode.c.h; path = BEMCircle.h; sourceTree = "<group>"; };
		BB06261D1AD9B1F00031FEB8 /* BEMCircle.m */ = {isa = PBXFileReference; fileEncoding = 4; lastKnownFileType = sourcecode.c.objc; path = BEMCircle.m; sourceTree = "<group>"; };
		BB06261E1AD9B1F00031FEB8 /* BEMLine.h */ = {isa = PBXFileReference; fileEncoding = 4; lastKnownFileType = sourcecode.c.h; path = BEMLine.h; sourceTree = "<group>"; };
		BB06261F1AD9B1F00031FEB8 /* BEMLine.m */ = {isa = PBXFileReference; fileEncoding = 4; lastKnownFileType = sourcecode.c.objc; path = BEMLine.m; sourceTree = "<group>"; };
		BB0626201AD9B1F00031FEB8 /* BEMSimpleLineGraphView.h */ = {isa = PBXFileReference; fileEncoding = 4; lastKnownFileType = sourcecode.c.h; path = BEMSimpleLineGraphView.h; sourceTree = "<group>"; };
		BB0626211AD9B1F00031FEB8 /* BEMSimpleLineGraphView.m */ = {isa = PBXFileReference; fileEncoding = 4; lastKnownFileType = sourcecode.c.objc; path = BEMSimpleLineGraphView.m; sourceTree = "<group>"; };
		BB0626221AD9B1F00031FEB8 /* GraphViewController.h */ = {isa = PBXFileReference; fileEncoding = 4; lastKnownFileType = sourcecode.c.h; path = GraphViewController.h; sourceTree = "<group>"; };
		BB0626231AD9B1F00031FEB8 /* GraphViewController.m */ = {isa = PBXFileReference; fileEncoding = 4; lastKnownFileType = sourcecode.c.objc; path = GraphViewController.m; sourceTree = "<group>"; };
		BB0626241AD9B1F00031FEB8 /* NZCircularImageView.h */ = {isa = PBXFileReference; fileEncoding = 4; lastKnownFileType = sourcecode.c.h; path = NZCircularImageView.h; sourceTree = "<group>"; };
		BB0626251AD9B1F00031FEB8 /* NZCircularImageView.m */ = {isa = PBXFileReference; fileEncoding = 4; lastKnownFileType = sourcecode.c.objc; path = NZCircularImageView.m; sourceTree = "<group>"; };
		BB0626261AD9B1F00031FEB8 /* CodeViewController.h */ = {isa = PBXFileReference; fileEncoding = 4; lastKnownFileType = sourcecode.c.h; path = CodeViewController.h; sourceTree = "<group>"; };
		BB0626271AD9B1F00031FEB8 /* CodeViewController.m */ = {isa = PBXFileReference; fileEncoding = 4; lastKnownFileType = sourcecode.c.objc; path = CodeViewController.m; sourceTree = "<group>"; };
		BB0626281AD9B1F00031FEB8 /* GraphViewController.h */ = {isa = PBXFileReference; fileEncoding = 4; lastKnownFileType = sourcecode.c.h; path = GraphViewController.h; sourceTree = "<group>"; };
		BB0626291AD9B1F00031FEB8 /* GraphViewController.m */ = {isa = PBXFileReference; fileEncoding = 4; lastKnownFileType = sourcecode.c.objc; path = GraphViewController.m; sourceTree = "<group>"; };
		BB06262A1AD9B1F00031FEB8 /* Grupo-Modelo-300-logo.png */ = {isa = PBXFileReference; lastKnownFileType = image.png; path = "Grupo-Modelo-300-logo.png"; sourceTree = "<group>"; };
		BB06262B1AD9B1F00031FEB8 /* Images.xcassets */ = {isa = PBXFileReference; lastKnownFileType = folder.assetcatalog; path = Images.xcassets; sourceTree = "<group>"; };
		BB06262C1AD9B1F00031FEB8 /* Info.plist */ = {isa = PBXFileReference; fileEncoding = 4; lastKnownFileType = text.plist.xml; path = Info.plist; sourceTree = "<group>"; };
		BB06262D1AD9B1F00031FEB8 /* main.m */ = {isa = PBXFileReference; fileEncoding = 4; lastKnownFileType = sourcecode.c.objc; path = main.m; sourceTree = "<group>"; };
		BB06262E1AD9B1F00031FEB8 /* MyCustomCell1.h */ = {isa = PBXFileReference; fileEncoding = 4; lastKnownFileType = sourcecode.c.h; path = MyCustomCell1.h; sourceTree = "<group>"; };
		BB06262F1AD9B1F00031FEB8 /* MyCustomCell1.m */ = {isa = PBXFileReference; fileEncoding = 4; lastKnownFileType = sourcecode.c.objc; path = MyCustomCell1.m; sourceTree = "<group>"; };
		BB0626311AD9B1F00031FEB8 /* splashBueno@2x.png */ = {isa = PBXFileReference; lastKnownFileType = image.png; path = "splashBueno@2x.png"; sourceTree = "<group>"; };
		BB0626321AD9B1F00031FEB8 /* SettingsViewController.h */ = {isa = PBXFileReference; fileEncoding = 4; lastKnownFileType = sourcecode.c.h; path = SettingsViewController.h; sourceTree = "<group>"; };
		BB0626331AD9B1F00031FEB8 /* SettingsViewController.m */ = {isa = PBXFileReference; fileEncoding = 4; lastKnownFileType = sourcecode.c.objc; path = SettingsViewController.m; sourceTree = "<group>"; };
		BB0626341AD9B1F00031FEB8 /* splashBueno@2x.png */ = {isa = PBXFileReference; lastKnownFileType = image.png; path = "splashBueno@2x.png"; sourceTree = "<group>"; };
		BB0626351AD9B1F00031FEB8 /* ViewController.h */ = {isa = PBXFileReference; fileEncoding = 4; lastKnownFileType = sourcecode.c.h; path = ViewController.h; sourceTree = "<group>"; };
		BB0626361AD9B1F00031FEB8 /* ViewController.m */ = {isa = PBXFileReference; fileEncoding = 4; lastKnownFileType = sourcecode.c.objc; path = ViewController.m; sourceTree = "<group>"; };
		BB0626371AD9B1F00031FEB8 /* WalletViewController.h */ = {isa = PBXFileReference; fileEncoding = 4; lastKnownFileType = sourcecode.c.h; path = WalletViewController.h; sourceTree = "<group>"; };
		BB0626381AD9B1F00031FEB8 /* WalletViewController.m */ = {isa = PBXFileReference; fileEncoding = 4; lastKnownFileType = sourcecode.c.objc; path = WalletViewController.m; sourceTree = "<group>"; };
		BB0626391AD9B1F00031FEB8 /* WalletViewController2.h */ = {isa = PBXFileReference; fileEncoding = 4; lastKnownFileType = sourcecode.c.h; path = WalletViewController2.h; sourceTree = "<group>"; };
		BB06263A1AD9B1F00031FEB8 /* WalletViewController2.m */ = {isa = PBXFileReference; fileEncoding = 4; lastKnownFileType = sourcecode.c.objc; path = WalletViewController2.m; sourceTree = "<group>"; };
		BB06263B1AD9B1F00031FEB8 /* Hustler2.0.xcodeproj */ = {isa = PBXFileReference; lastKnownFileType = "wrapper.pb-project"; path = Hustler2.0.xcodeproj; sourceTree = SOURCE_ROOT; };
		BB06263F1AD9B1F00031FEB8 /* Hustler2_0Tests.m */ = {isa = PBXFileReference; fileEncoding = 4; lastKnownFileType = sourcecode.c.objc; path = Hustler2_0Tests.m; sourceTree = "<group>"; };
		BB0626401AD9B1F00031FEB8 /* Info.plist */ = {isa = PBXFileReference; fileEncoding = 4; lastKnownFileType = text.plist.xml; path = Info.plist; sourceTree = "<group>"; };
/* End PBXFileReference section */

/* Begin PBXFrameworksBuildPhase section */
		4A10D7901AD8E30A00C7CB0B /* Frameworks */ = {
			isa = PBXFrameworksBuildPhase;
			buildActionMask = 2147483647;
			files = (
			);
			runOnlyForDeploymentPostprocessing = 0;
		};
		4A10D7A51AD8E30A00C7CB0B /* Frameworks */ = {
			isa = PBXFrameworksBuildPhase;
			buildActionMask = 2147483647;
			files = (
			);
			runOnlyForDeploymentPostprocessing = 0;
		};
/* End PBXFrameworksBuildPhase section */

/* Begin PBXGroup section */
		4A10D78A1AD8E30A00C7CB0B = {
			isa = PBXGroup;
			children = (
				4A10D7951AD8E30A00C7CB0B /* MXHACKS */,
				4A10D7AB1AD8E30A00C7CB0B /* MXHACKSTests */,
				4A10D7941AD8E30A00C7CB0B /* Products */,
			);
			sourceTree = "<group>";
		};
		4A10D7941AD8E30A00C7CB0B /* Products */ = {
			isa = PBXGroup;
			children = (
				4A10D7931AD8E30A00C7CB0B /* MXHACKS.app */,
				4A10D7A81AD8E30A00C7CB0B /* MXHACKSTests.xctest */,
			);
			name = Products;
			sourceTree = "<group>";
		};
		4A10D7951AD8E30A00C7CB0B /* MXHACKS */ = {
			isa = PBXGroup;
			children = (
				4A10D7981AD8E30A00C7CB0B /* AppDelegate.swift */,
				4A10D79A1AD8E30A00C7CB0B /* ViewController.swift */,
				BB06260D1AD9B1F00031FEB8 /* Hustler2.0 */,
				BB06263B1AD9B1F00031FEB8 /* Hustler2.0.xcodeproj */,
				BB06263E1AD9B1F00031FEB8 /* Hustler2.0Tests */,
				4A10D79C1AD8E30A00C7CB0B /* Main.storyboard */,
				4A10D79F1AD8E30A00C7CB0B /* Images.xcassets */,
				4A10D7A11AD8E30A00C7CB0B /* LaunchScreen.xib */,
				4A10D7961AD8E30A00C7CB0B /* Supporting Files */,
			);
			path = MXHACKS;
			sourceTree = "<group>";
		};
		4A10D7961AD8E30A00C7CB0B /* Supporting Files */ = {
			isa = PBXGroup;
			children = (
				4A10D7971AD8E30A00C7CB0B /* Info.plist */,
			);
			name = "Supporting Files";
			sourceTree = "<group>";
		};
		4A10D7AB1AD8E30A00C7CB0B /* MXHACKSTests */ = {
			isa = PBXGroup;
			children = (
				4A10D7AE1AD8E30A00C7CB0B /* MXHACKSTests.swift */,
				4A10D7AC1AD8E30A00C7CB0B /* Supporting Files */,
			);
			path = MXHACKSTests;
			sourceTree = "<group>";
		};
		4A10D7AC1AD8E30A00C7CB0B /* Supporting Files */ = {
			isa = PBXGroup;
			children = (
				4A10D7AD1AD8E30A00C7CB0B /* Info.plist */,
			);
			name = "Supporting Files";
			sourceTree = "<group>";
		};
		BB06260D1AD9B1F00031FEB8 /* Hustler2.0 */ = {
			isa = PBXGroup;
			children = (
				BB06260E1AD9B1F00031FEB8 /* 1689265_512660492188520_1333736981_n.jpg */,
				BB06260F1AD9B1F00031FEB8 /* AppDelegate.h */,
				BB0626101AD9B1F00031FEB8 /* AppDelegate.m */,
				BB0626111AD9B1F00031FEB8 /* LaunchScreen.xib */,
				BB0626131AD9B1F00031FEB8 /* Main.storyboard */,
				BB0626151AD9B1F00031FEB8 /* cocoa */,
				BB0626261AD9B1F00031FEB8 /* CodeViewController.h */,
				BB0626271AD9B1F00031FEB8 /* CodeViewController.m */,
				BB0626281AD9B1F00031FEB8 /* GraphViewController.h */,
				BB0626291AD9B1F00031FEB8 /* GraphViewController.m */,
				BB06262A1AD9B1F00031FEB8 /* Grupo-Modelo-300-logo.png */,
				BB06262B1AD9B1F00031FEB8 /* Images.xcassets */,
				BB06262C1AD9B1F00031FEB8 /* Info.plist */,
				BB06262D1AD9B1F00031FEB8 /* main.m */,
				BB06262E1AD9B1F00031FEB8 /* MyCustomCell1.h */,
				BB06262F1AD9B1F00031FEB8 /* MyCustomCell1.m */,
				BB0626301AD9B1F00031FEB8 /* resources:img */,
				BB0626321AD9B1F00031FEB8 /* SettingsViewController.h */,
				BB0626331AD9B1F00031FEB8 /* SettingsViewController.m */,
				BB0626341AD9B1F00031FEB8 /* splashBueno@2x.png */,
				BB0626351AD9B1F00031FEB8 /* ViewController.h */,
				BB0626361AD9B1F00031FEB8 /* ViewController.m */,
				BB0626371AD9B1F00031FEB8 /* WalletViewController.h */,
				BB0626381AD9B1F00031FEB8 /* WalletViewController.m */,
				BB0626391AD9B1F00031FEB8 /* WalletViewController2.h */,
				BB06263A1AD9B1F00031FEB8 /* WalletViewController2.m */,
			);
			path = Hustler2.0;
			sourceTree = SOURCE_ROOT;
		};
		BB0626151AD9B1F00031FEB8 /* cocoa */ = {
			isa = PBXGroup;
			children = (
				BB0626161AD9B1F00031FEB8 /* JWBlurView.h */,
				BB0626171AD9B1F00031FEB8 /* JWBlurView.m */,
				BB0626181AD9B1F00031FEB8 /* new */,
				BB0626241AD9B1F00031FEB8 /* NZCircularImageView.h */,
				BB0626251AD9B1F00031FEB8 /* NZCircularImageView.m */,
			);
			path = cocoa;
			sourceTree = "<group>";
		};
		BB0626181AD9B1F00031FEB8 /* new */ = {
			isa = PBXGroup;
			children = (
				BB0626191AD9B1F00031FEB8 /* Classes */,
				BB0626221AD9B1F00031FEB8 /* GraphViewController.h */,
				BB0626231AD9B1F00031FEB8 /* GraphViewController.m */,
			);
			path = new;
			sourceTree = "<group>";
		};
		BB0626191AD9B1F00031FEB8 /* Classes */ = {
			isa = PBXGroup;
			children = (
				BB06261A1AD9B1F00031FEB8 /* BEMAnimations.h */,
				BB06261B1AD9B1F00031FEB8 /* BEMAnimations.m */,
				BB06261C1AD9B1F00031FEB8 /* BEMCircle.h */,
				BB06261D1AD9B1F00031FEB8 /* BEMCircle.m */,
				BB06261E1AD9B1F00031FEB8 /* BEMLine.h */,
				BB06261F1AD9B1F00031FEB8 /* BEMLine.m */,
				BB0626201AD9B1F00031FEB8 /* BEMSimpleLineGraphView.h */,
				BB0626211AD9B1F00031FEB8 /* BEMSimpleLineGraphView.m */,
			);
			path = Classes;
			sourceTree = "<group>";
		};
		BB0626301AD9B1F00031FEB8 /* resources:img */ = {
			isa = PBXGroup;
			children = (
				BB0626311AD9B1F00031FEB8 /* splashBueno@2x.png */,
			);
			path = "resources:img";
			sourceTree = "<group>";
		};
		BB06263C1AD9B1F00031FEB8 /* Products */ = {
			isa = PBXGroup;
			children = (
				BB06265E1AD9B1F00031FEB8 /* Hustler2.0.app */,
				BB0626601AD9B1F00031FEB8 /* Hustler2.0Tests.xctest */,
			);
			name = Products;
			sourceTree = "<group>";
		};
		BB06263E1AD9B1F00031FEB8 /* Hustler2.0Tests */ = {
			isa = PBXGroup;
			children = (
				BB06263F1AD9B1F00031FEB8 /* Hustler2_0Tests.m */,
				BB0626401AD9B1F00031FEB8 /* Info.plist */,
			);
			path = Hustler2.0Tests;
			sourceTree = SOURCE_ROOT;
		};
/* End PBXGroup section */

/* Begin PBXNativeTarget section */
		4A10D7921AD8E30A00C7CB0B /* MXHACKS */ = {
			isa = PBXNativeTarget;
			buildConfigurationList = 4A10D7B21AD8E30A00C7CB0B /* Build configuration list for PBXNativeTarget "MXHACKS" */;
			buildPhases = (
				4A10D78F1AD8E30A00C7CB0B /* Sources */,
				4A10D7901AD8E30A00C7CB0B /* Frameworks */,
				4A10D7911AD8E30A00C7CB0B /* Resources */,
			);
			buildRules = (
			);
			dependencies = (
			);
			name = MXHACKS;
			productName = MXHACKS;
			productReference = 4A10D7931AD8E30A00C7CB0B /* MXHACKS.app */;
			productType = "com.apple.product-type.application";
		};
		4A10D7A71AD8E30A00C7CB0B /* MXHACKSTests */ = {
			isa = PBXNativeTarget;
			buildConfigurationList = 4A10D7B51AD8E30A00C7CB0B /* Build configuration list for PBXNativeTarget "MXHACKSTests" */;
			buildPhases = (
				4A10D7A41AD8E30A00C7CB0B /* Sources */,
				4A10D7A51AD8E30A00C7CB0B /* Frameworks */,
				4A10D7A61AD8E30A00C7CB0B /* Resources */,
			);
			buildRules = (
			);
			dependencies = (
				4A10D7AA1AD8E30A00C7CB0B /* PBXTargetDependency */,
			);
			name = MXHACKSTests;
			productName = MXHACKSTests;
			productReference = 4A10D7A81AD8E30A00C7CB0B /* MXHACKSTests.xctest */;
			productType = "com.apple.product-type.bundle.unit-test";
		};
/* End PBXNativeTarget section */

/* Begin PBXProject section */
		4A10D78B1AD8E30A00C7CB0B /* Project object */ = {
			isa = PBXProject;
			attributes = {
				LastUpgradeCheck = 0620;
				ORGANIZATIONNAME = MXHACKS;
				TargetAttributes = {
					4A10D7921AD8E30A00C7CB0B = {
						CreatedOnToolsVersion = 6.2;
					};
					4A10D7A71AD8E30A00C7CB0B = {
						CreatedOnToolsVersion = 6.2;
						TestTargetID = 4A10D7921AD8E30A00C7CB0B;
					};
				};
			};
			buildConfigurationList = 4A10D78E1AD8E30A00C7CB0B /* Build configuration list for PBXProject "MXHACKS" */;
			compatibilityVersion = "Xcode 3.2";
			developmentRegion = English;
			hasScannedForEncodings = 0;
			knownRegions = (
				en,
				Base,
			);
			mainGroup = 4A10D78A1AD8E30A00C7CB0B;
			productRefGroup = 4A10D7941AD8E30A00C7CB0B /* Products */;
			projectDirPath = "";
			projectReferences = (
				{
					ProductGroup = BB06263C1AD9B1F00031FEB8 /* Products */;
					ProjectRef = BB06263B1AD9B1F00031FEB8 /* Hustler2.0.xcodeproj */;
				},
			);
			projectRoot = "";
			targets = (
				4A10D7921AD8E30A00C7CB0B /* MXHACKS */,
				4A10D7A71AD8E30A00C7CB0B /* MXHACKSTests */,
			);
		};
/* End PBXProject section */

/* Begin PBXReferenceProxy section */
		BB06265E1AD9B1F00031FEB8 /* Hustler2.0.app */ = {
			isa = PBXReferenceProxy;
			fileType = wrapper.application;
			path = Hustler2.0.app;
			remoteRef = BB06265D1AD9B1F00031FEB8 /* PBXContainerItemProxy */;
			sourceTree = BUILT_PRODUCTS_DIR;
		};
		BB0626601AD9B1F00031FEB8 /* Hustler2.0Tests.xctest */ = {
			isa = PBXReferenceProxy;
			fileType = wrapper.cfbundle;
			path = Hustler2.0Tests.xctest;
			remoteRef = BB06265F1AD9B1F00031FEB8 /* PBXContainerItemProxy */;
			sourceTree = BUILT_PRODUCTS_DIR;
		};
/* End PBXReferenceProxy section */

/* Begin PBXResourcesBuildPhase section */
		4A10D7911AD8E30A00C7CB0B /* Resources */ = {
			isa = PBXResourcesBuildPhase;
			buildActionMask = 2147483647;
			files = (
				BB0626431AD9B1F00031FEB8 /* LaunchScreen.xib in Resources */,
				BB0626531AD9B1F00031FEB8 /* splashBueno@2x.png in Resources */,
				BB06264F1AD9B1F00031FEB8 /* Images.xcassets in Resources */,
				BB0626501AD9B1F00031FEB8 /* Info.plist in Resources */,
				BB0626551AD9B1F00031FEB8 /* splashBueno@2x.png in Resources */,
				4A10D79E1AD8E30A00C7CB0B /* Main.storyboard in Resources */,
				4A10D7A31AD8E30A00C7CB0B /* LaunchScreen.xib in Resources */,
				BB0626441AD9B1F00031FEB8 /* Main.storyboard in Resources */,
				BB06265A1AD9B1F00031FEB8 /* Info.plist in Resources */,
				BB0626411AD9B1F00031FEB8 /* 1689265_512660492188520_1333736981_n.jpg in Resources */,
				BB06264E1AD9B1F00031FEB8 /* Grupo-Modelo-300-logo.png in Resources */,
				4A10D7A01AD8E30A00C7CB0B /* Images.xcassets in Resources */,
			);
			runOnlyForDeploymentPostprocessing = 0;
		};
		4A10D7A61AD8E30A00C7CB0B /* Resources */ = {
			isa = PBXResourcesBuildPhase;
			buildActionMask = 2147483647;
			files = (
			);
			runOnlyForDeploymentPostprocessing = 0;
		};
/* End PBXResourcesBuildPhase section */

/* Begin PBXSourcesBuildPhase section */
		4A10D78F1AD8E30A00C7CB0B /* Sources */ = {
			isa = PBXSourcesBuildPhase;
			buildActionMask = 2147483647;
			files = (
				BB0626511AD9B1F00031FEB8 /* main.m in Sources */,
				BB0626451AD9B1F00031FEB8 /* JWBlurView.m in Sources */,
				BB06264B1AD9B1F00031FEB8 /* NZCircularImageView.m in Sources */,
				4A10D79B1AD8E30A00C7CB0B /* ViewController.swift in Sources */,
				BB0626571AD9B1F00031FEB8 /* WalletViewController.m in Sources */,
				BB0626471AD9B1F00031FEB8 /* BEMCircle.m in Sources */,
				4A10D7991AD8E30A00C7CB0B /* AppDelegate.swift in Sources */,
				BB06264D1AD9B1F00031FEB8 /* GraphViewController.m in Sources */,
				BB0626481AD9B1F00031FEB8 /* BEMLine.m in Sources */,
				BB0626521AD9B1F00031FEB8 /* MyCustomCell1.m in Sources */,
				BB06264A1AD9B1F00031FEB8 /* GraphViewController.m in Sources */,
				BB0626561AD9B1F00031FEB8 /* ViewController.m in Sources */,
				BB0626581AD9B1F00031FEB8 /* WalletViewController2.m in Sources */,
				BB0626591AD9B1F00031FEB8 /* Hustler2_0Tests.m in Sources */,
				BB0626461AD9B1F00031FEB8 /* BEMAnimations.m in Sources */,
				BB0626491AD9B1F00031FEB8 /* BEMSimpleLineGraphView.m in Sources */,
				BB0626541AD9B1F00031FEB8 /* SettingsViewController.m in Sources */,
				BB0626421AD9B1F00031FEB8 /* AppDelegate.m in Sources */,
				BB06264C1AD9B1F00031FEB8 /* CodeViewController.m in Sources */,
			);
			runOnlyForDeploymentPostprocessing = 0;
		};
		4A10D7A41AD8E30A00C7CB0B /* Sources */ = {
			isa = PBXSourcesBuildPhase;
			buildActionMask = 2147483647;
			files = (
				4A10D7AF1AD8E30A00C7CB0B /* MXHACKSTests.swift in Sources */,
			);
			runOnlyForDeploymentPostprocessing = 0;
		};
/* End PBXSourcesBuildPhase section */

/* Begin PBXTargetDependency section */
		4A10D7AA1AD8E30A00C7CB0B /* PBXTargetDependency */ = {
			isa = PBXTargetDependency;
			target = 4A10D7921AD8E30A00C7CB0B /* MXHACKS */;
			targetProxy = 4A10D7A91AD8E30A00C7CB0B /* PBXContainerItemProxy */;
		};
/* End PBXTargetDependency section */

/* Begin PBXVariantGroup section */
		4A10D79C1AD8E30A00C7CB0B /* Main.storyboard */ = {
			isa = PBXVariantGroup;
			children = (
				4A10D79D1AD8E30A00C7CB0B /* Base */,
			);
			name = Main.storyboard;
			sourceTree = "<group>";
		};
		4A10D7A11AD8E30A00C7CB0B /* LaunchScreen.xib */ = {
			isa = PBXVariantGroup;
			children = (
				4A10D7A21AD8E30A00C7CB0B /* Base */,
			);
			name = LaunchScreen.xib;
			sourceTree = "<group>";
		};
		BB0626111AD9B1F00031FEB8 /* LaunchScreen.xib */ = {
			isa = PBXVariantGroup;
			children = (
				BB0626121AD9B1F00031FEB8 /* Base */,
			);
			name = LaunchScreen.xib;
			sourceTree = "<group>";
		};
		BB0626131AD9B1F00031FEB8 /* Main.storyboard */ = {
			isa = PBXVariantGroup;
			children = (
				BB0626141AD9B1F00031FEB8 /* Base */,
			);
			name = Main.storyboard;
			sourceTree = "<group>";
		};
/* End PBXVariantGroup section */

/* Begin XCBuildConfiguration section */
		4A10D7B01AD8E30A00C7CB0B /* Debug */ = {
			isa = XCBuildConfiguration;
			buildSettings = {
				ALWAYS_SEARCH_USER_PATHS = NO;
				CLANG_CXX_LANGUAGE_STANDARD = "gnu++0x";
				CLANG_CXX_LIBRARY = "libc++";
				CLANG_ENABLE_MODULES = YES;
				CLANG_ENABLE_OBJC_ARC = YES;
				CLANG_WARN_BOOL_CONVERSION = YES;
				CLANG_WARN_CONSTANT_CONVERSION = YES;
				CLANG_WARN_DIRECT_OBJC_ISA_USAGE = YES_ERROR;
				CLANG_WARN_EMPTY_BODY = YES;
				CLANG_WARN_ENUM_CONVERSION = YES;
				CLANG_WARN_INT_CONVERSION = YES;
				CLANG_WARN_OBJC_ROOT_CLASS = YES_ERROR;
				CLANG_WARN_UNREACHABLE_CODE = YES;
				CLANG_WARN__DUPLICATE_METHOD_MATCH = YES;
				"CODE_SIGN_IDENTITY[sdk=iphoneos*]" = "iPhone Developer";
				COPY_PHASE_STRIP = NO;
				ENABLE_STRICT_OBJC_MSGSEND = YES;
				GCC_C_LANGUAGE_STANDARD = gnu99;
				GCC_DYNAMIC_NO_PIC = NO;
				GCC_OPTIMIZATION_LEVEL = 0;
				GCC_PREPROCESSOR_DEFINITIONS = (
					"DEBUG=1",
					"$(inherited)",
				);
				GCC_SYMBOLS_PRIVATE_EXTERN = NO;
				GCC_WARN_64_TO_32_BIT_CONVERSION = YES;
				GCC_WARN_ABOUT_RETURN_TYPE = YES_ERROR;
				GCC_WARN_UNDECLARED_SELECTOR = YES;
				GCC_WARN_UNINITIALIZED_AUTOS = YES_AGGRESSIVE;
				GCC_WARN_UNUSED_FUNCTION = YES;
				GCC_WARN_UNUSED_VARIABLE = YES;
				IPHONEOS_DEPLOYMENT_TARGET = 8.2;
				MTL_ENABLE_DEBUG_INFO = YES;
				ONLY_ACTIVE_ARCH = YES;
				SDKROOT = iphoneos;
				SWIFT_OPTIMIZATION_LEVEL = "-Onone";
			};
			name = Debug;
		};
		4A10D7B11AD8E30A00C7CB0B /* Release */ = {
			isa = XCBuildConfiguration;
			buildSettings = {
				ALWAYS_SEARCH_USER_PATHS = NO;
				CLANG_CXX_LANGUAGE_STANDARD = "gnu++0x";
				CLANG_CXX_LIBRARY = "libc++";
				CLANG_ENABLE_MODULES = YES;
				CLANG_ENABLE_OBJC_ARC = YES;
				CLANG_WARN_BOOL_CONVERSION = YES;
				CLANG_WARN_CONSTANT_CONVERSION = YES;
				CLANG_WARN_DIRECT_OBJC_ISA_USAGE = YES_ERROR;
				CLANG_WARN_EMPTY_BODY = YES;
				CLANG_WARN_ENUM_CONVERSION = YES;
				CLANG_WARN_INT_CONVERSION = YES;
				CLANG_WARN_OBJC_ROOT_CLASS = YES_ERROR;
				CLANG_WARN_UNREACHABLE_CODE = YES;
				CLANG_WARN__DUPLICATE_METHOD_MATCH = YES;
				"CODE_SIGN_IDENTITY[sdk=iphoneos*]" = "iPhone Developer";
				COPY_PHASE_STRIP = NO;
				ENABLE_NS_ASSERTIONS = NO;
				ENABLE_STRICT_OBJC_MSGSEND = YES;
				GCC_C_LANGUAGE_STANDARD = gnu99;
				GCC_WARN_64_TO_32_BIT_CONVERSION = YES;
				GCC_WARN_ABOUT_RETURN_TYPE = YES_ERROR;
				GCC_WARN_UNDECLARED_SELECTOR = YES;
				GCC_WARN_UNINITIALIZED_AUTOS = YES_AGGRESSIVE;
				GCC_WARN_UNUSED_FUNCTION = YES;
				GCC_WARN_UNUSED_VARIABLE = YES;
				IPHONEOS_DEPLOYMENT_TARGET = 8.2;
				MTL_ENABLE_DEBUG_INFO = NO;
				SDKROOT = iphoneos;
				VALIDATE_PRODUCT = YES;
			};
			name = Release;
		};
		4A10D7B31AD8E30A00C7CB0B /* Debug */ = {
			isa = XCBuildConfiguration;
			buildSettings = {
				ASSETCATALOG_COMPILER_APPICON_NAME = AppIcon;
				INFOPLIST_FILE = MXHACKS/Info.plist;
				LD_RUNPATH_SEARCH_PATHS = "$(inherited) @executable_path/Frameworks";
				PRODUCT_NAME = "$(TARGET_NAME)";
			};
			name = Debug;
		};
		4A10D7B41AD8E30A00C7CB0B /* Release */ = {
			isa = XCBuildConfiguration;
			buildSettings = {
				ASSETCATALOG_COMPILER_APPICON_NAME = AppIcon;
				INFOPLIST_FILE = MXHACKS/Info.plist;
				LD_RUNPATH_SEARCH_PATHS = "$(inherited) @executable_path/Frameworks";
				PRODUCT_NAME = "$(TARGET_NAME)";
			};
			name = Release;
		};
		4A10D7B61AD8E30A00C7CB0B /* Debug */ = {
			isa = XCBuildConfiguration;
			buildSettings = {
				BUNDLE_LOADER = "$(TEST_HOST)";
				FRAMEWORK_SEARCH_PATHS = (
					"$(SDKROOT)/Developer/Library/Frameworks",
					"$(inherited)",
				);
				GCC_PREPROCESSOR_DEFINITIONS = (
					"DEBUG=1",
					"$(inherited)",
				);
				INFOPLIST_FILE = MXHACKSTests/Info.plist;
				LD_RUNPATH_SEARCH_PATHS = "$(inherited) @executable_path/Frameworks @loader_path/Frameworks";
				PRODUCT_NAME = "$(TARGET_NAME)";
				TEST_HOST = "$(BUILT_PRODUCTS_DIR)/MXHACKS.app/MXHACKS";
			};
			name = Debug;
		};
		4A10D7B71AD8E30A00C7CB0B /* Release */ = {
			isa = XCBuildConfiguration;
			buildSettings = {
				BUNDLE_LOADER = "$(TEST_HOST)";
				FRAMEWORK_SEARCH_PATHS = (
					"$(SDKROOT)/Developer/Library/Frameworks",
					"$(inherited)",
				);
				INFOPLIST_FILE = MXHACKSTests/Info.plist;
				LD_RUNPATH_SEARCH_PATHS = "$(inherited) @executable_path/Frameworks @loader_path/Frameworks";
				PRODUCT_NAME = "$(TARGET_NAME)";
				TEST_HOST = "$(BUILT_PRODUCTS_DIR)/MXHACKS.app/MXHACKS";
			};
			name = Release;
		};
/* End XCBuildConfiguration section */

/* Begin XCConfigurationList section */
		4A10D78E1AD8E30A00C7CB0B /* Build configuration list for PBXProject "MXHACKS" */ = {
			isa = XCConfigurationList;
			buildConfigurations = (
				4A10D7B01AD8E30A00C7CB0B /* Debug */,
				4A10D7B11AD8E30A00C7CB0B /* Release */,
			);
			defaultConfigurationIsVisible = 0;
			defaultConfigurationName = Release;
		};
		4A10D7B21AD8E30A00C7CB0B /* Build configuration list for PBXNativeTarget "MXHACKS" */ = {
			isa = XCConfigurationList;
			buildConfigurations = (
				4A10D7B31AD8E30A00C7CB0B /* Debug */,
				4A10D7B41AD8E30A00C7CB0B /* Release */,
			);
			defaultConfigurationIsVisible = 0;
			defaultConfigurationName = Release;
		};
		4A10D7B51AD8E30A00C7CB0B /* Build configuration list for PBXNativeTarget "MXHACKSTests" */ = {
			isa = XCConfigurationList;
			buildConfigurations = (
				4A10D7B61AD8E30A00C7CB0B /* Debug */,
				4A10D7B71AD8E30A00C7CB0B /* Release */,
			);
			defaultConfigurationIsVisible = 0;
			defaultConfigurationName = Release;
		};
/* End XCConfigurationList section */
	};
	rootObject = 4A10D78B1AD8E30A00C7CB0B /* Project object */;
}
